
Microsoft Visual Studio Solution File, Format Version 12.00
# Visual Studio Version 16
VisualStudioVersion = 16.0.33927.289
MinimumVisualStudioVersion = 10.0.40219.1
Project("{2150E333-8FDC-42A3-9474-1A3956D46DE8}") = "Task0", "Task0", "{8E60F6EC-8AD3-4834-969F-994723944D5D}"
EndProject
Project("{FAE04EC0-301F-11D3-BF4B-00C04F79EFBC}") = "Tyuiu.ShaukerovaAN.Sprint6.Task0.V13.Lib", "Tyuiu.ShaukerovaAN.Sprint6.Task0.V13.Lib\Tyuiu.ShaukerovaAN.Sprint6.Task0.V13.Lib.csproj", "{F1F164FF-8213-4444-90F9-DCB365C18565}"
EndProject
Project("{FAE04EC0-301F-11D3-BF4B-00C04F79EFBC}") = "Tyuiu.ShaukerovaAN.Sprint6.Task0.V13.Test", "Tyuiu.ShaukerovaAN.Sprint6.Task0.V13.Test\Tyuiu.ShaukerovaAN.Sprint6.Task0.V13.Test.csproj", "{894D957B-B0E5-4DE4-ABD3-94062102EA91}"
EndProject
Project("{FAE04EC0-301F-11D3-BF4B-00C04F79EFBC}") = "Tyuiu.ShaukerovaAN.Sprint6.Task0.V13", "Tyuiu.ShaukerovaAN.Sprint6.Task0.V13\Tyuiu.ShaukerovaAN.Sprint6.Task0.V13.csproj", "{E727CAC8-FDC9-4957-B692-46B7CBA2AE4A}"
EndProject
Project("{2150E333-8FDC-42A3-9474-1A3956D46DE8}") = "Task1", "Task1", "{14DF025C-DC54-445A-9DBA-5761EFB5FD7D}"
EndProject
Project("{FAE04EC0-301F-11D3-BF4B-00C04F79EFBC}") = "Tyuiu.ShaukerovaAN.Sprint6.Task1.V9.Lib", "Tyuiu.ShaukerovaAN.Sprint6.Task1.V9.Lib\Tyuiu.ShaukerovaAN.Sprint6.Task1.V9.Lib.csproj", "{F628473C-2530-4F7E-A90D-10707EE1EF1A}"
EndProject
Project("{FAE04EC0-301F-11D3-BF4B-00C04F79EFBC}") = "Tyuiu.ShaukerovaAN.Sprint6.Task1.V9", "Tyuiu.ShaukerovaAN.Sprint6.Task1.V9\Tyuiu.ShaukerovaAN.Sprint6.Task1.V9.csproj", "{E5F17942-4349-4128-9FDF-6311EB515371}"
EndProject
Project("{FAE04EC0-301F-11D3-BF4B-00C04F79EFBC}") = "Tyuiu.ShaukerovaAN.Sprint6.Task1.V9.Test", "Tyuiu.ShaukerovaAN.Sprint6.Task1.V9.Test\Tyuiu.ShaukerovaAN.Sprint6.Task1.V9.Test.csproj", "{04591D30-ED9C-45EE-AAC5-4E627C4BD2DB}"
EndProject
Project("{2150E333-8FDC-42A3-9474-1A3956D46DE8}") = "Task2", "Task2", "{77D98394-3A4D-4F48-9E45-F22310FA796D}"
EndProject
Project("{FAE04EC0-301F-11D3-BF4B-00C04F79EFBC}") = "Tyuiu.ShaukerovaAN.Sprint6.Task2.V18.Lib", "Tyuiu.ShaukerovaAN.Sprint6.Task2.V18.Lib\Tyuiu.ShaukerovaAN.Sprint6.Task2.V18.Lib.csproj", "{A5C6A3C2-2520-4A72-B697-14FBB3F96C10}"
EndProject
Project("{FAE04EC0-301F-11D3-BF4B-00C04F79EFBC}") = "Tyuiu.ShaukerovaAN.Sprint6.Task2.V18.Test", "Tyuiu.ShaukerovaAN.Sprint6.Task2.V18.Test\Tyuiu.ShaukerovaAN.Sprint6.Task2.V18.Test.csproj", "{6C5A1100-377B-4D26-9FD7-A8CD6A069080}"
EndProject
Project("{FAE04EC0-301F-11D3-BF4B-00C04F79EFBC}") = "Tyuiu.ShaukerovaAN.Sprint6.Task2.V18", "Tyuiu.ShaukerovaAN.Sprint6.Task2.V18\Tyuiu.ShaukerovaAN.Sprint6.Task2.V18.csproj", "{F27F9064-23BA-4DEA-8F5A-9E3AF65C8084}"
EndProject
Project("{2150E333-8FDC-42A3-9474-1A3956D46DE8}") = "Task3", "Task3", "{DBDD5AAD-F48C-4ADA-9240-270443FD3464}"
EndProject
Project("{FAE04EC0-301F-11D3-BF4B-00C04F79EFBC}") = "Tyuiu.ShaukerovaAN.Sprint6.Task3.V10.Lib", "Tyuiu.ShaukerovaAN.Sprint6.Task3.V10.Lib\Tyuiu.ShaukerovaAN.Sprint6.Task3.V10.Lib.csproj", "{7B531997-DD48-4590-8669-B7CBA963360A}"
EndProject
Project("{FAE04EC0-301F-11D3-BF4B-00C04F79EFBC}") = "Tyuiu.ShaukerovaAN.Sprint6.Task3.V10.Test", "Tyuiu.ShaukerovaAN.Sprint6.Task3.V10.Test\Tyuiu.ShaukerovaAN.Sprint6.Task3.V10.Test.csproj", "{71924525-7296-46A9-978F-77F74F3F16B9}"
EndProject
Project("{FAE04EC0-301F-11D3-BF4B-00C04F79EFBC}") = "Tyuiu.ShaukerovaAN.Sprint6.Task3.V10", "Tyuiu.ShaukerovaAN.Sprint6.Task3.V10\Tyuiu.ShaukerovaAN.Sprint6.Task3.V10.csproj", "{A290CED0-61C3-4D1B-8222-13F985A814AD}"
EndProject
Project("{2150E333-8FDC-42A3-9474-1A3956D46DE8}") = "Task4", "Task4", "{C26EF36E-40EB-465D-849F-5A86D7C789B5}"
EndProject
Project("{FAE04EC0-301F-11D3-BF4B-00C04F79EFBC}") = "Tyuiu.ShaukerovaAN.Sprint6.Task4.V23.Lib", "Tyuiu.ShaukerovaAN.Sprint6.Task4.V23.Lib\Tyuiu.ShaukerovaAN.Sprint6.Task4.V23.Lib.csproj", "{64A80BC4-4A0E-4155-BDDD-00A1B2D4B339}"
EndProject
Project("{FAE04EC0-301F-11D3-BF4B-00C04F79EFBC}") = "Tyuiu.ShaukerovaAN.Sprint6.Task4.V23.Test", "Tyuiu.ShaukerovaAN.Sprint6.Task4.V23.Test\Tyuiu.ShaukerovaAN.Sprint6.Task4.V23.Test.csproj", "{4C04ADFC-AEAA-4838-B464-0E6B8AEDF1DE}"
EndProject
Project("{FAE04EC0-301F-11D3-BF4B-00C04F79EFBC}") = "Tyuiu.ShaukerovaAN.Sprint6.Task4.V23", "Tyuiu.ShaukerovaAN.Sprint6.Task4.V23\Tyuiu.ShaukerovaAN.Sprint6.Task4.V23.csproj", "{A1843651-4A9D-42BE-859F-6E781626ED58}"
EndProject
Project("{2150E333-8FDC-42A3-9474-1A3956D46DE8}") = "Task5", "Task5", "{BCB23B8C-AA40-4C06-9884-929CDE4902AC}"
EndProject
Project("{FAE04EC0-301F-11D3-BF4B-00C04F79EFBC}") = "Tyuiu.ShaukerovaAN.Sprint6.Task5.V17.Lib", "Tyuiu.ShaukerovaAN.Sprint6.Task5.V17.Lib\Tyuiu.ShaukerovaAN.Sprint6.Task5.V17.Lib.csproj", "{7E05A86B-82AB-4C22-A123-5DA87930006B}"
EndProject
Project("{FAE04EC0-301F-11D3-BF4B-00C04F79EFBC}") = "Tyuiu.ShaukerovaAN.Sprint6.Task5.V17.Test", "Tyuiu.ShaukerovaAN.Sprint6.Task5.V17.Test\Tyuiu.ShaukerovaAN.Sprint6.Task5.V17.Test.csproj", "{FEE2288A-5E5A-4553-A34F-E84E23AFB86B}"
EndProject
Project("{FAE04EC0-301F-11D3-BF4B-00C04F79EFBC}") = "Tyuiu.ShaukerovaAN.Sprint6.Task5.V17", "Tyuiu.ShaukerovaAN.Sprint6.Task5.V17\Tyuiu.ShaukerovaAN.Sprint6.Task5.V17.csproj", "{508B523E-44C4-48E1-85D0-CB053CC2CDA1}"
EndProject
Global
	GlobalSection(SolutionConfigurationPlatforms) = preSolution
		Debug|Any CPU = Debug|Any CPU
		Release|Any CPU = Release|Any CPU
	EndGlobalSection
	GlobalSection(ProjectConfigurationPlatforms) = postSolution
		{F1F164FF-8213-4444-90F9-DCB365C18565}.Debug|Any CPU.ActiveCfg = Debug|Any CPU
		{F1F164FF-8213-4444-90F9-DCB365C18565}.Debug|Any CPU.Build.0 = Debug|Any CPU
		{F1F164FF-8213-4444-90F9-DCB365C18565}.Release|Any CPU.ActiveCfg = Release|Any CPU
		{F1F164FF-8213-4444-90F9-DCB365C18565}.Release|Any CPU.Build.0 = Release|Any CPU
		{894D957B-B0E5-4DE4-ABD3-94062102EA91}.Debug|Any CPU.ActiveCfg = Debug|Any CPU
		{894D957B-B0E5-4DE4-ABD3-94062102EA91}.Debug|Any CPU.Build.0 = Debug|Any CPU
		{894D957B-B0E5-4DE4-ABD3-94062102EA91}.Release|Any CPU.ActiveCfg = Release|Any CPU
		{894D957B-B0E5-4DE4-ABD3-94062102EA91}.Release|Any CPU.Build.0 = Release|Any CPU
		{E727CAC8-FDC9-4957-B692-46B7CBA2AE4A}.Debug|Any CPU.ActiveCfg = Debug|Any CPU
		{E727CAC8-FDC9-4957-B692-46B7CBA2AE4A}.Debug|Any CPU.Build.0 = Debug|Any CPU
		{E727CAC8-FDC9-4957-B692-46B7CBA2AE4A}.Release|Any CPU.ActiveCfg = Release|Any CPU
		{E727CAC8-FDC9-4957-B692-46B7CBA2AE4A}.Release|Any CPU.Build.0 = Release|Any CPU
		{F628473C-2530-4F7E-A90D-10707EE1EF1A}.Debug|Any CPU.ActiveCfg = Debug|Any CPU
		{F628473C-2530-4F7E-A90D-10707EE1EF1A}.Debug|Any CPU.Build.0 = Debug|Any CPU
		{F628473C-2530-4F7E-A90D-10707EE1EF1A}.Release|Any CPU.ActiveCfg = Release|Any CPU
		{F628473C-2530-4F7E-A90D-10707EE1EF1A}.Release|Any CPU.Build.0 = Release|Any CPU
		{E5F17942-4349-4128-9FDF-6311EB515371}.Debug|Any CPU.ActiveCfg = Debug|Any CPU
		{E5F17942-4349-4128-9FDF-6311EB515371}.Debug|Any CPU.Build.0 = Debug|Any CPU
		{E5F17942-4349-4128-9FDF-6311EB515371}.Release|Any CPU.ActiveCfg = Release|Any CPU
		{E5F17942-4349-4128-9FDF-6311EB515371}.Release|Any CPU.Build.0 = Release|Any CPU
		{04591D30-ED9C-45EE-AAC5-4E627C4BD2DB}.Debug|Any CPU.ActiveCfg = Debug|Any CPU
		{04591D30-ED9C-45EE-AAC5-4E627C4BD2DB}.Debug|Any CPU.Build.0 = Debug|Any CPU
		{04591D30-ED9C-45EE-AAC5-4E627C4BD2DB}.Release|Any CPU.ActiveCfg = Release|Any CPU
		{04591D30-ED9C-45EE-AAC5-4E627C4BD2DB}.Release|Any CPU.Build.0 = Release|Any CPU
		{A5C6A3C2-2520-4A72-B697-14FBB3F96C10}.Debug|Any CPU.ActiveCfg = Debug|Any CPU
		{A5C6A3C2-2520-4A72-B697-14FBB3F96C10}.Debug|Any CPU.Build.0 = Debug|Any CPU
		{A5C6A3C2-2520-4A72-B697-14FBB3F96C10}.Release|Any CPU.ActiveCfg = Release|Any CPU
		{A5C6A3C2-2520-4A72-B697-14FBB3F96C10}.Release|Any CPU.Build.0 = Release|Any CPU
		{6C5A1100-377B-4D26-9FD7-A8CD6A069080}.Debug|Any CPU.ActiveCfg = Debug|Any CPU
		{6C5A1100-377B-4D26-9FD7-A8CD6A069080}.Debug|Any CPU.Build.0 = Debug|Any CPU
		{6C5A1100-377B-4D26-9FD7-A8CD6A069080}.Release|Any CPU.ActiveCfg = Release|Any CPU
		{6C5A1100-377B-4D26-9FD7-A8CD6A069080}.Release|Any CPU.Build.0 = Release|Any CPU
		{F27F9064-23BA-4DEA-8F5A-9E3AF65C8084}.Debug|Any CPU.ActiveCfg = Debug|Any CPU
		{F27F9064-23BA-4DEA-8F5A-9E3AF65C8084}.Debug|Any CPU.Build.0 = Debug|Any CPU
		{F27F9064-23BA-4DEA-8F5A-9E3AF65C8084}.Release|Any CPU.ActiveCfg = Release|Any CPU
		{F27F9064-23BA-4DEA-8F5A-9E3AF65C8084}.Release|Any CPU.Build.0 = Release|Any CPU
		{7B531997-DD48-4590-8669-B7CBA963360A}.Debug|Any CPU.ActiveCfg = Debug|Any CPU
		{7B531997-DD48-4590-8669-B7CBA963360A}.Debug|Any CPU.Build.0 = Debug|Any CPU
		{7B531997-DD48-4590-8669-B7CBA963360A}.Release|Any CPU.ActiveCfg = Release|Any CPU
		{7B531997-DD48-4590-8669-B7CBA963360A}.Release|Any CPU.Build.0 = Release|Any CPU
		{71924525-7296-46A9-978F-77F74F3F16B9}.Debug|Any CPU.ActiveCfg = Debug|Any CPU
		{71924525-7296-46A9-978F-77F74F3F16B9}.Debug|Any CPU.Build.0 = Debug|Any CPU
		{71924525-7296-46A9-978F-77F74F3F16B9}.Release|Any CPU.ActiveCfg = Release|Any CPU
		{71924525-7296-46A9-978F-77F74F3F16B9}.Release|Any CPU.Build.0 = Release|Any CPU
		{A290CED0-61C3-4D1B-8222-13F985A814AD}.Debug|Any CPU.ActiveCfg = Debug|Any CPU
		{A290CED0-61C3-4D1B-8222-13F985A814AD}.Debug|Any CPU.Build.0 = Debug|Any CPU
		{A290CED0-61C3-4D1B-8222-13F985A814AD}.Release|Any CPU.ActiveCfg = Release|Any CPU
		{A290CED0-61C3-4D1B-8222-13F985A814AD}.Release|Any CPU.Build.0 = Release|Any CPU
		{64A80BC4-4A0E-4155-BDDD-00A1B2D4B339}.Debug|Any CPU.ActiveCfg = Debug|Any CPU
		{64A80BC4-4A0E-4155-BDDD-00A1B2D4B339}.Debug|Any CPU.Build.0 = Debug|Any CPU
		{64A80BC4-4A0E-4155-BDDD-00A1B2D4B339}.Release|Any CPU.ActiveCfg = Release|Any CPU
		{64A80BC4-4A0E-4155-BDDD-00A1B2D4B339}.Release|Any CPU.Build.0 = Release|Any CPU
		{4C04ADFC-AEAA-4838-B464-0E6B8AEDF1DE}.Debug|Any CPU.ActiveCfg = Debug|Any CPU
		{4C04ADFC-AEAA-4838-B464-0E6B8AEDF1DE}.Debug|Any CPU.Build.0 = Debug|Any CPU
		{4C04ADFC-AEAA-4838-B464-0E6B8AEDF1DE}.Release|Any CPU.ActiveCfg = Release|Any CPU
		{4C04ADFC-AEAA-4838-B464-0E6B8AEDF1DE}.Release|Any CPU.Build.0 = Release|Any CPU
		{A1843651-4A9D-42BE-859F-6E781626ED58}.Debug|Any CPU.ActiveCfg = Debug|Any CPU
		{A1843651-4A9D-42BE-859F-6E781626ED58}.Debug|Any CPU.Build.0 = Debug|Any CPU
		{A1843651-4A9D-42BE-859F-6E781626ED58}.Release|Any CPU.ActiveCfg = Release|Any CPU
		{A1843651-4A9D-42BE-859F-6E781626ED58}.Release|Any CPU.Build.0 = Release|Any CPU
		{7E05A86B-82AB-4C22-A123-5DA87930006B}.Debug|Any CPU.ActiveCfg = Debug|Any CPU
		{7E05A86B-82AB-4C22-A123-5DA87930006B}.Debug|Any CPU.Build.0 = Debug|Any CPU
		{7E05A86B-82AB-4C22-A123-5DA87930006B}.Release|Any CPU.ActiveCfg = Release|Any CPU
		{7E05A86B-82AB-4C22-A123-5DA87930006B}.Release|Any CPU.Build.0 = Release|Any CPU
		{FEE2288A-5E5A-4553-A34F-E84E23AFB86B}.Debug|Any CPU.ActiveCfg = Debug|Any CPU
		{FEE2288A-5E5A-4553-A34F-E84E23AFB86B}.Debug|Any CPU.Build.0 = Debug|Any CPU
		{FEE2288A-5E5A-4553-A34F-E84E23AFB86B}.Release|Any CPU.ActiveCfg = Release|Any CPU
		{FEE2288A-5E5A-4553-A34F-E84E23AFB86B}.Release|Any CPU.Build.0 = Release|Any CPU
		{508B523E-44C4-48E1-85D0-CB053CC2CDA1}.Debug|Any CPU.ActiveCfg = Debug|Any CPU
		{508B523E-44C4-48E1-85D0-CB053CC2CDA1}.Debug|Any CPU.Build.0 = Debug|Any CPU
		{508B523E-44C4-48E1-85D0-CB053CC2CDA1}.Release|Any CPU.ActiveCfg = Release|Any CPU
		{508B523E-44C4-48E1-85D0-CB053CC2CDA1}.Release|Any CPU.Build.0 = Release|Any CPU
	EndGlobalSection
	GlobalSection(SolutionProperties) = preSolution
		HideSolutionNode = FALSE
	EndGlobalSection
	GlobalSection(NestedProjects) = preSolution
		{F1F164FF-8213-4444-90F9-DCB365C18565} = {8E60F6EC-8AD3-4834-969F-994723944D5D}
		{894D957B-B0E5-4DE4-ABD3-94062102EA91} = {8E60F6EC-8AD3-4834-969F-994723944D5D}
		{E727CAC8-FDC9-4957-B692-46B7CBA2AE4A} = {8E60F6EC-8AD3-4834-969F-994723944D5D}
		{F628473C-2530-4F7E-A90D-10707EE1EF1A} = {14DF025C-DC54-445A-9DBA-5761EFB5FD7D}
		{E5F17942-4349-4128-9FDF-6311EB515371} = {14DF025C-DC54-445A-9DBA-5761EFB5FD7D}
		{04591D30-ED9C-45EE-AAC5-4E627C4BD2DB} = {14DF025C-DC54-445A-9DBA-5761EFB5FD7D}
		{A5C6A3C2-2520-4A72-B697-14FBB3F96C10} = {77D98394-3A4D-4F48-9E45-F22310FA796D}
		{6C5A1100-377B-4D26-9FD7-A8CD6A069080} = {77D98394-3A4D-4F48-9E45-F22310FA796D}
		{F27F9064-23BA-4DEA-8F5A-9E3AF65C8084} = {77D98394-3A4D-4F48-9E45-F22310FA796D}
		{7B531997-DD48-4590-8669-B7CBA963360A} = {DBDD5AAD-F48C-4ADA-9240-270443FD3464}
		{71924525-7296-46A9-978F-77F74F3F16B9} = {DBDD5AAD-F48C-4ADA-9240-270443FD3464}
		{A290CED0-61C3-4D1B-8222-13F985A814AD} = {DBDD5AAD-F48C-4ADA-9240-270443FD3464}
		{64A80BC4-4A0E-4155-BDDD-00A1B2D4B339} = {C26EF36E-40EB-465D-849F-5A86D7C789B5}
		{4C04ADFC-AEAA-4838-B464-0E6B8AEDF1DE} = {C26EF36E-40EB-465D-849F-5A86D7C789B5}
		{A1843651-4A9D-42BE-859F-6E781626ED58} = {C26EF36E-40EB-465D-849F-5A86D7C789B5}
		{7E05A86B-82AB-4C22-A123-5DA87930006B} = {BCB23B8C-AA40-4C06-9884-929CDE4902AC}
		{FEE2288A-5E5A-4553-A34F-E84E23AFB86B} = {BCB23B8C-AA40-4C06-9884-929CDE4902AC}
		{508B523E-44C4-48E1-85D0-CB053CC2CDA1} = {BCB23B8C-AA40-4C06-9884-929CDE4902AC}
	EndGlobalSection
	GlobalSection(ExtensibilityGlobals) = postSolution
		SolutionGuid = {A5AB0662-493D-4EB3-A930-70D13F314464}
	EndGlobalSection
EndGlobal
